{
  "name": "scheduled-chat-health-check",
  "version": "1.0.0",
  "lockfileVersion": 3,
  "requires": true,
  "packages": {
    "": {
      "name": "scheduled-chat-health-check",
      "version": "1.0.0",
      "dependencies": {
        "node-cron": "^4.2.1",
        "nodemailer": "^7.0.5"
      },
      "engines": {
        "node": ">=20"
      }
    },
    "node_modules/node-cron": {
      "version": "4.6.0",
      "resolved": "https://registry.npmjs.org/node-cron/-/node-cron-4.6.0.tgz",
      "integrity": "sha512-Si/bzYiKRHOB8/a99T2+SDGN582ONDMSTlJr5oCkT6GtnqPjZ2s10eoQRYkW9ZHwjVxONL+W8Fb+qR0AHMQsdg==",
      "license": "ISC",
      "engines": {
        "node": ">=20"
      }
    },
    "node_modules/nodemailer": {
      "version": "7.0.13",
      "resolved": "https://registry.npmjs.org/nodemailer/-/nodemailer-7.0.13.tgz",
      "integrity": "sha512-PNDFSJdP+KFgdsG3ZzMXCgquO7I6McjY2vlqILjtJd0hy8wEvtugS9xKRF2NWlPNGxvLCXlTNIae4serI7dinw==",
      "license": "MIT-0",
      "engines": {
        "node": ">=6.0.0"
      }
    }
  }
}
